// !$*UTF8*$!
{
	archiveVersion = 1;
	classes = {
	};
	objectVersion = 56;
	objects = {

/* Begin PBXBuildFile section */
		2E0D0AB82A917ABD00B51A75 /* Extensions.swift in Sources */ = {isa = PBXBuildFile; fileRef = 2E0D0AB72A917ABD00B51A75 /* Extensions.swift */; };
		2E0D0ABA2A917AF900B51A75 /* GetAllCharactersResponse.swift in Sources */ = {isa = PBXBuildFile; fileRef = 2E0D0AB92A917AF900B51A75 /* GetAllCharactersResponse.swift */; };
		2E0D0AC22A917FA800B51A75 /* CharacterDetailView.swift in Sources */ = {isa = PBXBuildFile; fileRef = 2E0D0AC12A917FA800B51A75 /* CharacterDetailView.swift */; };
		2EB187072A932D1200BF760C /* ImageTableViewCell.swift in Sources */ = {isa = PBXBuildFile; fileRef = 2EB187062A932D1200BF760C /* ImageTableViewCell.swift */; };
		2EB187092A93449300BF760C /* ImageTableViewCellViewModel.swift in Sources */ = {isa = PBXBuildFile; fileRef = 2EB187082A93449300BF760C /* ImageTableViewCellViewModel.swift */; };
		2EF911192A913D3A007A31FC /* AppDelegate.swift in Sources */ = {isa = PBXBuildFile; fileRef = 2EF911182A913D3A007A31FC /* AppDelegate.swift */; };
		2EF9111B2A913D3A007A31FC /* SceneDelegate.swift in Sources */ = {isa = PBXBuildFile; fileRef = 2EF9111A2A913D3A007A31FC /* SceneDelegate.swift */; };
		2EF9111D2A913D3A007A31FC /* CharactersViewController.swift in Sources */ = {isa = PBXBuildFile; fileRef = 2EF9111C2A913D3A007A31FC /* CharactersViewController.swift */; };
		2EF911222A913D3B007A31FC /* Assets.xcassets in Resources */ = {isa = PBXBuildFile; fileRef = 2EF911212A913D3B007A31FC /* Assets.xcassets */; };
		2EF911252A913D3B007A31FC /* LaunchScreen.storyboard in Resources */ = {isa = PBXBuildFile; fileRef = 2EF911232A913D3B007A31FC /* LaunchScreen.storyboard */; };
		2EF9112F2A9141A7007A31FC /* CharacterDetailViewController.swift in Sources */ = {isa = PBXBuildFile; fileRef = 2EF9112E2A9141A7007A31FC /* CharacterDetailViewController.swift */; };
		2EF911322A91426E007A31FC /* CharacterListViewViewModel.swift in Sources */ = {isa = PBXBuildFile; fileRef = 2EF911312A91426E007A31FC /* CharacterListViewViewModel.swift */; };
		2EF911352A914321007A31FC /* CharacterListView.swift in Sources */ = {isa = PBXBuildFile; fileRef = 2EF911342A914321007A31FC /* CharacterListView.swift */; };
		2EF9113C2A914463007A31FC /* Character.swift in Sources */ = {isa = PBXBuildFile; fileRef = 2EF9113B2A914463007A31FC /* Character.swift */; };
		2EF911442A9145C3007A31FC /* CharacterDetailViewViewModel.swift in Sources */ = {isa = PBXBuildFile; fileRef = 2EF911432A9145C3007A31FC /* CharacterDetailViewViewModel.swift */; };
		2EF911462A91469C007A31FC /* CharacterCollectionViewCell.swift in Sources */ = {isa = PBXBuildFile; fileRef = 2EF911452A91469C007A31FC /* CharacterCollectionViewCell.swift */; };
		2EF911482A9146CA007A31FC /* FooterLoadingCollectionReusableView.swift in Sources */ = {isa = PBXBuildFile; fileRef = 2EF911472A9146CA007A31FC /* FooterLoadingCollectionReusableView.swift */; };
		2EF9114A2A91473D007A31FC /* CharacterCollectionViewCellViewModel.swift in Sources */ = {isa = PBXBuildFile; fileRef = 2EF911492A91473D007A31FC /* CharacterCollectionViewCellViewModel.swift */; };
		2EF9114D2A914787007A31FC /* Service.swift in Sources */ = {isa = PBXBuildFile; fileRef = 2EF9114C2A914787007A31FC /* Service.swift */; };
		2EF9114F2A9147A6007A31FC /* Request.swift in Sources */ = {isa = PBXBuildFile; fileRef = 2EF9114E2A9147A6007A31FC /* Request.swift */; };
		2EF911512A9147D4007A31FC /* Endpoint.swift in Sources */ = {isa = PBXBuildFile; fileRef = 2EF911502A9147D4007A31FC /* Endpoint.swift */; };
		2EF911532A9148ED007A31FC /* APICacheManager.swift in Sources */ = {isa = PBXBuildFile; fileRef = 2EF911522A9148ED007A31FC /* APICacheManager.swift */; };
/* End PBXBuildFile section */

/* Begin PBXFileReference section */
		2E0D0AB72A917ABD00B51A75 /* Extensions.swift */ = {isa = PBXFileReference; lastKnownFileType = sourcecode.swift; path = Extensions.swift; sourceTree = "<group>"; };
		2E0D0AB92A917AF900B51A75 /* GetAllCharactersResponse.swift */ = {isa = PBXFileReference; lastKnownFileType = sourcecode.swift; path = GetAllCharactersResponse.swift; sourceTree = "<group>"; };
		2E0D0AC12A917FA800B51A75 /* CharacterDetailView.swift */ = {isa = PBXFileReference; lastKnownFileType = sourcecode.swift; path = CharacterDetailView.swift; sourceTree = "<group>"; };
		2EB187062A932D1200BF760C /* ImageTableViewCell.swift */ = {isa = PBXFileReference; lastKnownFileType = sourcecode.swift; path = ImageTableViewCell.swift; sourceTree = "<group>"; };
		2EB187082A93449300BF760C /* ImageTableViewCellViewModel.swift */ = {isa = PBXFileReference; lastKnownFileType = sourcecode.swift; path = ImageTableViewCellViewModel.swift; sourceTree = "<group>"; };
		2EF911152A913D3A007A31FC /* Rick&Morty(for1221systems).app */ = {isa = PBXFileReference; explicitFileType = wrapper.application; includeInIndex = 0; path = "Rick&Morty(for1221systems).app"; sourceTree = BUILT_PRODUCTS_DIR; };
		2EF911182A913D3A007A31FC /* AppDelegate.swift */ = {isa = PBXFileReference; lastKnownFileType = sourcecode.swift; path = AppDelegate.swift; sourceTree = "<group>"; };
		2EF9111A2A913D3A007A31FC /* SceneDelegate.swift */ = {isa = PBXFileReference; lastKnownFileType = sourcecode.swift; path = SceneDelegate.swift; sourceTree = "<group>"; };
		2EF9111C2A913D3A007A31FC /* CharactersViewController.swift */ = {isa = PBXFileReference; lastKnownFileType = sourcecode.swift; path = CharactersViewController.swift; sourceTree = "<group>"; };
		2EF911212A913D3B007A31FC /* Assets.xcassets */ = {isa = PBXFileReference; lastKnownFileType = folder.assetcatalog; path = Assets.xcassets; sourceTree = "<group>"; };
		2EF911242A913D3B007A31FC /* Base */ = {isa = PBXFileReference; lastKnownFileType = file.storyboard; name = Base; path = Base.lproj/LaunchScreen.storyboard; sourceTree = "<group>"; };
		2EF911262A913D3B007A31FC /* Info.plist */ = {isa = PBXFileReference; lastKnownFileType = text.plist.xml; path = Info.plist; sourceTree = "<group>"; };
		2EF9112E2A9141A7007A31FC /* CharacterDetailViewController.swift */ = {isa = PBXFileReference; fileEncoding = 4; lastKnownFileType = sourcecode.swift; path = CharacterDetailViewController.swift; sourceTree = "<group>"; };
		2EF911312A91426E007A31FC /* CharacterListViewViewModel.swift */ = {isa = PBXFileReference; lastKnownFileType = sourcecode.swift; path = CharacterListViewViewModel.swift; sourceTree = "<group>"; };
		2EF911342A914321007A31FC /* CharacterListView.swift */ = {isa = PBXFileReference; lastKnownFileType = sourcecode.swift; path = CharacterListView.swift; sourceTree = "<group>"; };
		2EF9113B2A914463007A31FC /* Character.swift */ = {isa = PBXFileReference; lastKnownFileType = sourcecode.swift; path = Character.swift; sourceTree = "<group>"; };
		2EF911432A9145C3007A31FC /* CharacterDetailViewViewModel.swift */ = {isa = PBXFileReference; lastKnownFileType = sourcecode.swift; path = CharacterDetailViewViewModel.swift; sourceTree = "<group>"; };
		2EF911452A91469C007A31FC /* CharacterCollectionViewCell.swift */ = {isa = PBXFileReference; lastKnownFileType = sourcecode.swift; path = CharacterCollectionViewCell.swift; sourceTree = "<group>"; };
		2EF911472A9146CA007A31FC /* FooterLoadingCollectionReusableView.swift */ = {isa = PBXFileReference; lastKnownFileType = sourcecode.swift; path = FooterLoadingCollectionReusableView.swift; sourceTree = "<group>"; };
		2EF911492A91473D007A31FC /* CharacterCollectionViewCellViewModel.swift */ = {isa = PBXFileReference; lastKnownFileType = sourcecode.swift; path = CharacterCollectionViewCellViewModel.swift; sourceTree = "<group>"; };
		2EF9114C2A914787007A31FC /* Service.swift */ = {isa = PBXFileReference; lastKnownFileType = sourcecode.swift; path = Service.swift; sourceTree = "<group>"; };
		2EF9114E2A9147A6007A31FC /* Request.swift */ = {isa = PBXFileReference; lastKnownFileType = sourcecode.swift; path = Request.swift; sourceTree = "<group>"; };
		2EF911502A9147D4007A31FC /* Endpoint.swift */ = {isa = PBXFileReference; lastKnownFileType = sourcecode.swift; path = Endpoint.swift; sourceTree = "<group>"; };
		2EF911522A9148ED007A31FC /* APICacheManager.swift */ = {isa = PBXFileReference; lastKnownFileType = sourcecode.swift; path = APICacheManager.swift; sourceTree = "<group>"; };
/* End PBXFileReference section */

/* Begin PBXFrameworksBuildPhase section */
		2EF911122A913D3A007A31FC /* Frameworks */ = {
			isa = PBXFrameworksBuildPhase;
			buildActionMask = 2147483647;
			files = (
			);
			runOnlyForDeploymentPostprocessing = 0;
		};
/* End PBXFrameworksBuildPhase section */

/* Begin PBXGroup section */
		2E0D0ABB2A917B3100B51A75 /* Character */ = {
			isa = PBXGroup;
			children = (
				2EF911342A914321007A31FC /* CharacterListView.swift */,
				2EF911452A91469C007A31FC /* CharacterCollectionViewCell.swift */,
			);
			path = Character;
			sourceTree = "<group>";
		};
		2E0D0ABC2A917B3B00B51A75 /* Details */ = {
			isa = PBXGroup;
			children = (
				2E0D0AC12A917FA800B51A75 /* CharacterDetailView.swift */,
				2EB187052A932CEF00BF760C /* Cells */,
			);
			path = Details;
			sourceTree = "<group>";
		};
		2E0D0ABD2A917B9900B51A75 /* Character */ = {
			isa = PBXGroup;
			children = (
				2EF911312A91426E007A31FC /* CharacterListViewViewModel.swift */,
				2EF911492A91473D007A31FC /* CharacterCollectionViewCellViewModel.swift */,
			);
			path = Character;
			sourceTree = "<group>";
		};
		2E0D0ABE2A917BA700B51A75 /* Details */ = {
			isa = PBXGroup;
			children = (
				2EF911432A9145C3007A31FC /* CharacterDetailViewViewModel.swift */,
				2EB187082A93449300BF760C /* ImageTableViewCellViewModel.swift */,
			);
			path = Details;
			sourceTree = "<group>";
		};
		2EB187052A932CEF00BF760C /* Cells */ = {
			isa = PBXGroup;
			children = (
				2EB187062A932D1200BF760C /* ImageTableViewCell.swift */,
			);
			path = Cells;
			sourceTree = "<group>";
		};
		2EF9110C2A913D3A007A31FC = {
			isa = PBXGroup;
			children = (
				2EF911172A913D3A007A31FC /* Rick&Morty(for1221systems) */,
				2EF911162A913D3A007A31FC /* Products */,
			);
			sourceTree = "<group>";
		};
		2EF911162A913D3A007A31FC /* Products */ = {
			isa = PBXGroup;
			children = (
				2EF911152A913D3A007A31FC /* Rick&Morty(for1221systems).app */,
			);
			name = Products;
			sourceTree = "<group>";
		};
		2EF911172A913D3A007A31FC /* Rick&Morty(for1221systems) */ = {
			isa = PBXGroup;
			children = (
				2EF9114B2A914767007A31FC /* APIClient */,
				2EF911382A9143D2007A31FC /* Models */,
				2EF9112C2A913E1D007A31FC /* Resources */,
				2EF911302A914244007A31FC /* ViewModels */,
				2EF911332A9142BB007A31FC /* Views */,
				2EF9112D2A913E59007A31FC /* Controllers */,
				2EF911262A913D3B007A31FC /* Info.plist */,
			);
			path = "Rick&Morty(for1221systems)";
			sourceTree = "<group>";
		};
		2EF9112C2A913E1D007A31FC /* Resources */ = {
			isa = PBXGroup;
			children = (
				2EF911182A913D3A007A31FC /* AppDelegate.swift */,
				2EF9111A2A913D3A007A31FC /* SceneDelegate.swift */,
				2EF911232A913D3B007A31FC /* LaunchScreen.storyboard */,
				2EF911212A913D3B007A31FC /* Assets.xcassets */,
				2EF911522A9148ED007A31FC /* APICacheManager.swift */,
				2E0D0AB72A917ABD00B51A75 /* Extensions.swift */,
			);
			path = Resources;
			sourceTree = "<group>";
		};
		2EF9112D2A913E59007A31FC /* Controllers */ = {
			isa = PBXGroup;
			children = (
				2EF9111C2A913D3A007A31FC /* CharactersViewController.swift */,
				2EF9112E2A9141A7007A31FC /* CharacterDetailViewController.swift */,
			);
			path = Controllers;
			sourceTree = "<group>";
		};
		2EF911302A914244007A31FC /* ViewModels */ = {
			isa = PBXGroup;
			children = (
				2E0D0ABE2A917BA700B51A75 /* Details */,
				2E0D0ABD2A917B9900B51A75 /* Character */,
			);
			path = ViewModels;
			sourceTree = "<group>";
		};
		2EF911332A9142BB007A31FC /* Views */ = {
			isa = PBXGroup;
			children = (
				2E0D0ABC2A917B3B00B51A75 /* Details */,
				2E0D0ABB2A917B3100B51A75 /* Character */,
				2EF911472A9146CA007A31FC /* FooterLoadingCollectionReusableView.swift */,
			);
			path = Views;
			sourceTree = "<group>";
		};
		2EF911382A9143D2007A31FC /* Models */ = {
			isa = PBXGroup;
			children = (
				2EF9113B2A914463007A31FC /* Character.swift */,
				2E0D0AB92A917AF900B51A75 /* GetAllCharactersResponse.swift */,
			);
			path = Models;
			sourceTree = "<group>";
		};
		2EF9114B2A914767007A31FC /* APIClient */ = {
			isa = PBXGroup;
			children = (
				2EF9114C2A914787007A31FC /* Service.swift */,
				2EF9114E2A9147A6007A31FC /* Request.swift */,
				2EF911502A9147D4007A31FC /* Endpoint.swift */,
			);
			path = APIClient;
			sourceTree = "<group>";
		};
/* End PBXGroup section */

/* Begin PBXNativeTarget section */
		2EF911142A913D3A007A31FC /* Rick&Morty(for1221systems) */ = {
			isa = PBXNativeTarget;
			buildConfigurationList = 2EF911292A913D3B007A31FC /* Build configuration list for PBXNativeTarget "Rick&Morty(for1221systems)" */;
			buildPhases = (
				2EF911112A913D3A007A31FC /* Sources */,
				2EF911122A913D3A007A31FC /* Frameworks */,
				2EF911132A913D3A007A31FC /* Resources */,
			);
			buildRules = (
			);
			dependencies = (
			);
			name = "Rick&Morty(for1221systems)";
			productName = "Rick&Morty(for1221systems)";
			productReference = 2EF911152A913D3A007A31FC /* Rick&Morty(for1221systems).app */;
			productType = "com.apple.product-type.application";
		};
/* End PBXNativeTarget section */

/* Begin PBXProject section */
		2EF9110D2A913D3A007A31FC /* Project object */ = {
			isa = PBXProject;
			attributes = {
				BuildIndependentTargetsInParallel = 1;
				LastSwiftUpdateCheck = 1430;
				LastUpgradeCheck = 1430;
				TargetAttributes = {
					2EF911142A913D3A007A31FC = {
						CreatedOnToolsVersion = 14.3.1;
					};
				};
			};
			buildConfigurationList = 2EF911102A913D3A007A31FC /* Build configuration list for PBXProject "Rick&Morty(for1221systems)" */;
			compatibilityVersion = "Xcode 14.0";
			developmentRegion = en;
			hasScannedForEncodings = 0;
			knownRegions = (
				en,
				Base,
			);
			mainGroup = 2EF9110C2A913D3A007A31FC;
			productRefGroup = 2EF911162A913D3A007A31FC /* Products */;
			projectDirPath = "";
			projectRoot = "";
			targets = (
				2EF911142A913D3A007A31FC /* Rick&Morty(for1221systems) */,
			);
		};
/* End PBXProject section */

/* Begin PBXResourcesBuildPhase section */
		2EF911132A913D3A007A31FC /* Resources */ = {
			isa = PBXResourcesBuildPhase;
			buildActionMask = 2147483647;
			files = (
				2EF911252A913D3B007A31FC /* LaunchScreen.storyboard in Resources */,
				2EF911222A913D3B007A31FC /* Assets.xcassets in Resources */,
			);
			runOnlyForDeploymentPostprocessing = 0;
		};
/* End PBXResourcesBuildPhase section */

/* Begin PBXSourcesBuildPhase section */
		2EF911112A913D3A007A31FC /* Sources */ = {
			isa = PBXSourcesBuildPhase;
			buildActionMask = 2147483647;
			files = (
				2EF9113C2A914463007A31FC /* Character.swift in Sources */,
				2EF9114D2A914787007A31FC /* Service.swift in Sources */,
				2EF911352A914321007A31FC /* CharacterListView.swift in Sources */,
				2E0D0AC22A917FA800B51A75 /* CharacterDetailView.swift in Sources */,
				2EF9111D2A913D3A007A31FC /* CharactersViewController.swift in Sources */,
				2EF9114A2A91473D007A31FC /* CharacterCollectionViewCellViewModel.swift in Sources */,
				2EF9112F2A9141A7007A31FC /* CharacterDetailViewController.swift in Sources */,
				2EF9114F2A9147A6007A31FC /* Request.swift in Sources */,
				2E0D0ABA2A917AF900B51A75 /* GetAllCharactersResponse.swift in Sources */,
				2EF911192A913D3A007A31FC /* AppDelegate.swift in Sources */,
				2EB187092A93449300BF760C /* ImageTableViewCellViewModel.swift in Sources */,
				2EF911442A9145C3007A31FC /* CharacterDetailViewViewModel.swift in Sources */,
				2EF911532A9148ED007A31FC /* APICacheManager.swift in Sources */,
				2EB187072A932D1200BF760C /* ImageTableViewCell.swift in Sources */,
				2EF911512A9147D4007A31FC /* Endpoint.swift in Sources */,
				2EF911482A9146CA007A31FC /* FooterLoadingCollectionReusableView.swift in Sources */,
				2EF911322A91426E007A31FC /* CharacterListViewViewModel.swift in Sources */,
				2E0D0AB82A917ABD00B51A75 /* Extensions.swift in Sources */,
				2EF9111B2A913D3A007A31FC /* SceneDelegate.swift in Sources */,
				2EF911462A91469C007A31FC /* CharacterCollectionViewCell.swift in Sources */,
			);
			runOnlyForDeploymentPostprocessing = 0;
		};
/* End PBXSourcesBuildPhase section */

/* Begin PBXVariantGroup section */
		2EF911232A913D3B007A31FC /* LaunchScreen.storyboard */ = {
			isa = PBXVariantGroup;
			children = (
				2EF911242A913D3B007A31FC /* Base */,
			);
			name = LaunchScreen.storyboard;
			sourceTree = "<group>";
		};
/* End PBXVariantGroup section */

/* Begin XCBuildConfiguration section */
		2EF911272A913D3B007A31FC /* Debug */ = {
			isa = XCBuildConfiguration;
			buildSettings = {
				ALWAYS_SEARCH_USER_PATHS = NO;
				CLANG_ANALYZER_NONNULL = YES;
				CLANG_ANALYZER_NUMBER_OBJECT_CONVERSION = YES_AGGRESSIVE;
				CLANG_CXX_LANGUAGE_STANDARD = "gnu++20";
				CLANG_ENABLE_MODULES = YES;
				CLANG_ENABLE_OBJC_ARC = YES;
				CLANG_ENABLE_OBJC_WEAK = YES;
				CLANG_WARN_BLOCK_CAPTURE_AUTORELEASING = YES;
				CLANG_WARN_BOOL_CONVERSION = YES;
				CLANG_WARN_COMMA = YES;
				CLANG_WARN_CONSTANT_CONVERSION = YES;
				CLANG_WARN_DEPRECATED_OBJC_IMPLEMENTATIONS = YES;
				CLANG_WARN_DIRECT_OBJC_ISA_USAGE = YES_ERROR;
				CLANG_WARN_DOCUMENTATION_COMMENTS = YES;
				CLANG_WARN_EMPTY_BODY = YES;
				CLANG_WARN_ENUM_CONVERSION = YES;
				CLANG_WARN_INFINITE_RECURSION = YES;
				CLANG_WARN_INT_CONVERSION = YES;
				CLANG_WARN_NON_LITERAL_NULL_CONVERSION = YES;
				CLANG_WARN_OBJC_IMPLICIT_RETAIN_SELF = YES;
				CLANG_WARN_OBJC_LITERAL_CONVERSION = YES;
				CLANG_WARN_OBJC_ROOT_CLASS = YES_ERROR;
				CLANG_WARN_QUOTED_INCLUDE_IN_FRAMEWORK_HEADER = YES;
				CLANG_WARN_RANGE_LOOP_ANALYSIS = YES;
				CLANG_WARN_STRICT_PROTOTYPES = YES;
				CLANG_WARN_SUSPICIOUS_MOVE = YES;
				CLANG_WARN_UNGUARDED_AVAILABILITY = YES_AGGRESSIVE;
				CLANG_WARN_UNREACHABLE_CODE = YES;
				CLANG_WARN__DUPLICATE_METHOD_MATCH = YES;
				COPY_PHASE_STRIP = NO;
				DEBUG_INFORMATION_FORMAT = dwarf;
				ENABLE_STRICT_OBJC_MSGSEND = YES;
				ENABLE_TESTABILITY = YES;
				GCC_C_LANGUAGE_STANDARD = gnu11;
				GCC_DYNAMIC_NO_PIC = NO;
				GCC_NO_COMMON_BLOCKS = YES;
				GCC_OPTIMIZATION_LEVEL = 0;
				GCC_PREPROCESSOR_DEFINITIONS = (
					"DEBUG=1",
					"$(inherited)",
				);
				GCC_WARN_64_TO_32_BIT_CONVERSION = YES;
				GCC_WARN_ABOUT_RETURN_TYPE = YES_ERROR;
				GCC_WARN_UNDECLARED_SELECTOR = YES;
				GCC_WARN_UNINITIALIZED_AUTOS = YES_AGGRESSIVE;
				GCC_WARN_UNUSED_FUNCTION = YES;
				GCC_WARN_UNUSED_VARIABLE = YES;
				IPHONEOS_DEPLOYMENT_TARGET = 16.4;
				MTL_ENABLE_DEBUG_INFO = INCLUDE_SOURCE;
				MTL_FAST_MATH = YES;
				ONLY_ACTIVE_ARCH = YES;
				SDKROOT = iphoneos;
				SWIFT_ACTIVE_COMPILATION_CONDITIONS = DEBUG;
				SWIFT_OPTIMIZATION_LEVEL = "-Onone";
			};
			name = Debug;
		};
		2EF911282A913D3B007A31FC /* Release */ = {
			isa = XCBuildConfiguration;
			buildSettings = {
				ALWAYS_SEARCH_USER_PATHS = NO;
				CLANG_ANALYZER_NONNULL = YES;
				CLANG_ANALYZER_NUMBER_OBJECT_CONVERSION = YES_AGGRESSIVE;
				CLANG_CXX_LANGUAGE_STANDARD = "gnu++20";
				CLANG_ENABLE_MODULES = YES;
				CLANG_ENABLE_OBJC_ARC = YES;
				CLANG_ENABLE_OBJC_WEAK = YES;
				CLANG_WARN_BLOCK_CAPTURE_AUTORELEASING = YES;
				CLANG_WARN_BOOL_CONVERSION = YES;
				CLANG_WARN_COMMA = YES;
				CLANG_WARN_CONSTANT_CONVERSION = YES;
				CLANG_WARN_DEPRECATED_OBJC_IMPLEMENTATIONS = YES;
				CLANG_WARN_DIRECT_OBJC_ISA_USAGE = YES_ERROR;
				CLANG_WARN_DOCUMENTATION_COMMENTS = YES;
				CLANG_WARN_EMPTY_BODY = YES;
				CLANG_WARN_ENUM_CONVERSION = YES;
				CLANG_WARN_INFINITE_RECURSION = YES;
				CLANG_WARN_INT_CONVERSION = YES;
				CLANG_WARN_NON_LITERAL_NULL_CONVERSION = YES;
				CLANG_WARN_OBJC_IMPLICIT_RETAIN_SELF = YES;
				CLANG_WARN_OBJC_LITERAL_CONVERSION = YES;
				CLANG_WARN_OBJC_ROOT_CLASS = YES_ERROR;
				CLANG_WARN_QUOTED_INCLUDE_IN_FRAMEWORK_HEADER = YES;
				CLANG_WARN_RANGE_LOOP_ANALYSIS = YES;
				CLANG_WARN_STRICT_PROTOTYPES = YES;
				CLANG_WARN_SUSPICIOUS_MOVE = YES;
				CLANG_WARN_UNGUARDED_AVAILABILITY = YES_AGGRESSIVE;
				CLANG_WARN_UNREACHABLE_CODE = YES;
				CLANG_WARN__DUPLICATE_METHOD_MATCH = YES;
				COPY_PHASE_STRIP = NO;
				DEBUG_INFORMATION_FORMAT = "dwarf-with-dsym";
				ENABLE_NS_ASSERTIONS = NO;
				ENABLE_STRICT_OBJC_MSGSEND = YES;
				GCC_C_LANGUAGE_STANDARD = gnu11;
				GCC_NO_COMMON_BLOCKS = YES;
				GCC_WARN_64_TO_32_BIT_CONVERSION = YES;
				GCC_WARN_ABOUT_RETURN_TYPE = YES_ERROR;
				GCC_WARN_UNDECLARED_SELECTOR = YES;
				GCC_WARN_UNINITIALIZED_AUTOS = YES_AGGRESSIVE;
				GCC_WARN_UNUSED_FUNCTION = YES;
				GCC_WARN_UNUSED_VARIABLE = YES;
				IPHONEOS_DEPLOYMENT_TARGET = 16.4;
				MTL_ENABLE_DEBUG_INFO = NO;
				MTL_FAST_MATH = YES;
				SDKROOT = iphoneos;
				SWIFT_COMPILATION_MODE = wholemodule;
				SWIFT_OPTIMIZATION_LEVEL = "-O";
				VALIDATE_PRODUCT = YES;
			};
			name = Release;
		};
		2EF9112A2A913D3B007A31FC /* Debug */ = {
			isa = XCBuildConfiguration;
			buildSettings = {
				ASSETCATALOG_COMPILER_APPICON_NAME = AppIcon;
				ASSETCATALOG_COMPILER_GLOBAL_ACCENT_COLOR_NAME = AccentColor;
				CODE_SIGN_STYLE = Automatic;
				CURRENT_PROJECT_VERSION = 1;
				DEVELOPMENT_TEAM = 2H9WQTH3XU;
				GENERATE_INFOPLIST_FILE = YES;
				INFOPLIST_FILE = "Rick&Morty(for1221systems)/Info.plist";
				INFOPLIST_KEY_UIApplicationSupportsIndirectInputEvents = YES;
				INFOPLIST_KEY_UILaunchStoryboardName = LaunchScreen;
				INFOPLIST_KEY_UISupportedInterfaceOrientations = UIInterfaceOrientationPortrait;
				INFOPLIST_KEY_UISupportedInterfaceOrientations_iPad = "UIInterfaceOrientationLandscapeLeft UIInterfaceOrientationLandscapeRight UIInterfaceOrientationPortrait UIInterfaceOrientationPortraitUpsideDown";
				LD_RUNPATH_SEARCH_PATHS = (
					"$(inherited)",
					"@executable_path/Frameworks",
				);
				MARKETING_VERSION = 1.0;
				PRODUCT_BUNDLE_IDENTIFIER = "com.NikolayZhukov.Rick-Morty-for1221systems-";
				PRODUCT_NAME = "$(TARGET_NAME)";
				SUPPORTED_PLATFORMS = "iphoneos iphonesimulator";
				SUPPORTS_MACCATALYST = NO;
				SUPPORTS_MAC_DESIGNED_FOR_IPHONE_IPAD = NO;
				SWIFT_EMIT_LOC_STRINGS = YES;
				SWIFT_VERSION = 5.0;
				TARGETED_DEVICE_FAMILY = 1;
			};
			name = Debug;
		};
		2EF9112B2A913D3B007A31FC /* Release */ = {
			isa = XCBuildConfiguration;
			buildSettings = {
				ASSETCATALOG_COMPILER_APPICON_NAME = AppIcon;
				ASSETCATALOG_COMPILER_GLOBAL_ACCENT_COLOR_NAME = AccentColor;
				CODE_SIGN_STYLE = Automatic;
				CURRENT_PROJECT_VERSION = 1;
				DEVELOPMENT_TEAM = 2H9WQTH3XU;
				GENERATE_INFOPLIST_FILE = YES;
				INFOPLIST_FILE = "Rick&Morty(for1221systems)/Info.plist";
				INFOPLIST_KEY_UIApplicationSupportsIndirectInputEvents = YES;
				INFOPLIST_KEY_UILaunchStoryboardName = LaunchScreen;
				INFOPLIST_KEY_UISupportedInterfaceOrientations = UIInterfaceOrientationPortrait;
				INFOPLIST_KEY_UISupportedInterfaceOrientations_iPad = "UIInterfaceOrientationLandscapeLeft UIInterfaceOrientationLandscapeRight UIInterfaceOrientationPortrait UIInterfaceOrientationPortraitUpsideDown";
				LD_RUNPATH_SEARCH_PATHS = (
					"$(inherited)",
					"@executable_path/Frameworks",
				);
				MARKETING_VERSION = 1.0;
				PRODUCT_BUNDLE_IDENTIFIER = "com.NikolayZhukov.Rick-Morty-for1221systems-";
				PRODUCT_NAME = "$(TARGET_NAME)";
				SUPPORTED_PLATFORMS = "iphoneos iphonesimulator";
				SUPPORTS_MACCATALYST = NO;
				SUPPORTS_MAC_DESIGNED_FOR_IPHONE_IPAD = NO;
				SWIFT_EMIT_LOC_STRINGS = YES;
				SWIFT_VERSION = 5.0;
				TARGETED_DEVICE_FAMILY = 1;
			};
			name = Release;
		};
/* End XCBuildConfiguration section */

/* Begin XCConfigurationList section */
		2EF911102A913D3A007A31FC /* Build configuration list for PBXProject "Rick&Morty(for1221systems)" */ = {
			isa = XCConfigurationList;
			buildConfigurations = (
				2EF911272A913D3B007A31FC /* Debug */,
				2EF911282A913D3B007A31FC /* Release */,
			);
			defaultConfigurationIsVisible = 0;
			defaultConfigurationName = Release;
		};
		2EF911292A913D3B007A31FC /* Build configuration list for PBXNativeTarget "Rick&Morty(for1221systems)" */ = {
			isa = XCConfigurationList;
			buildConfigurations = (
				2EF9112A2A913D3B007A31FC /* Debug */,
				2EF9112B2A913D3B007A31FC /* Release */,
			);
			defaultConfigurationIsVisible = 0;
			defaultConfigurationName = Release;
		};
/* End XCConfigurationList section */
	};
	rootObject = 2EF9110D2A913D3A007A31FC /* Project object */;
}
